// !$*UTF8*$!
{
	archiveVersion = 1;
	classes = {
	};
	objectVersion = 46;
	objects = {

/* Begin PBXBuildFile section */
		2F0EB4A11BB95D3200EAF4C5 /* BRMoneyCell.swift in Sources */ = {isa = PBXBuildFile; fileRef = 2F0EB49F1BB95D3200EAF4C5 /* BRMoneyCell.swift */; settings = {ASSET_TAGS = (); }; };
		2F0EB4A21BB95D3200EAF4C5 /* BRMoneyCell.xib in Resources */ = {isa = PBXBuildFile; fileRef = 2F0EB4A01BB95D3200EAF4C5 /* BRMoneyCell.xib */; settings = {ASSET_TAGS = (); }; };
		2F0EB4A51BB9631200EAF4C5 /* BRDataCell.swift in Sources */ = {isa = PBXBuildFile; fileRef = 2F0EB4A31BB9631200EAF4C5 /* BRDataCell.swift */; settings = {ASSET_TAGS = (); }; };
		2F0EB4A61BB9631200EAF4C5 /* BRDataCell.xib in Resources */ = {isa = PBXBuildFile; fileRef = 2F0EB4A41BB9631200EAF4C5 /* BRDataCell.xib */; settings = {ASSET_TAGS = (); }; };
		2F0EB4A91BB9642400EAF4C5 /* BRSegmentCell.swift in Sources */ = {isa = PBXBuildFile; fileRef = 2F0EB4A71BB9642400EAF4C5 /* BRSegmentCell.swift */; settings = {ASSET_TAGS = (); }; };
		2F0EB4AA1BB9642400EAF4C5 /* BRSegmentCell.xib in Resources */ = {isa = PBXBuildFile; fileRef = 2F0EB4A81BB9642400EAF4C5 /* BRSegmentCell.xib */; settings = {ASSET_TAGS = (); }; };
		2F0EB4AD1BB964C400EAF4C5 /* BRTextareaCell.swift in Sources */ = {isa = PBXBuildFile; fileRef = 2F0EB4AB1BB964C400EAF4C5 /* BRTextareaCell.swift */; settings = {ASSET_TAGS = (); }; };
		2F0EB4AE1BB964C400EAF4C5 /* BRTextareaCell.xib in Resources */ = {isa = PBXBuildFile; fileRef = 2F0EB4AC1BB964C400EAF4C5 /* BRTextareaCell.xib */; settings = {ASSET_TAGS = (); }; };
		2F0EB4B11BB9778B00EAF4C5 /* BRTextCell.swift in Sources */ = {isa = PBXBuildFile; fileRef = 2F0EB4AF1BB9778B00EAF4C5 /* BRTextCell.swift */; settings = {ASSET_TAGS = (); }; };
		2F0EB4B21BB9778B00EAF4C5 /* BRTextCell.xib in Resources */ = {isa = PBXBuildFile; fileRef = 2F0EB4B01BB9778B00EAF4C5 /* BRTextCell.xib */; settings = {ASSET_TAGS = (); }; };
		2F0EB4B41BB97F4300EAF4C5 /* BRCustomTextView.swift in Sources */ = {isa = PBXBuildFile; fileRef = 2F0EB4B31BB97F4300EAF4C5 /* BRCustomTextView.swift */; settings = {ASSET_TAGS = (); }; };
		2F0EB4B71BB981B600EAF4C5 /* BRCorseListViewController.swift in Sources */ = {isa = PBXBuildFile; fileRef = 2F0EB4B51BB981B600EAF4C5 /* BRCorseListViewController.swift */; settings = {ASSET_TAGS = (); }; };
		2F0EB4B81BB981B600EAF4C5 /* BRCorseListViewController.xib in Resources */ = {isa = PBXBuildFile; fileRef = 2F0EB4B61BB981B600EAF4C5 /* BRCorseListViewController.xib */; settings = {ASSET_TAGS = (); }; };
		2F5310511BB8406500D22D9C /* BRRecordViewController.swift in Sources */ = {isa = PBXBuildFile; fileRef = 2F53104F1BB8406500D22D9C /* BRRecordViewController.swift */; settings = {ASSET_TAGS = (); }; };
		2F5310521BB8406500D22D9C /* BRRecordViewController.xib in Resources */ = {isa = PBXBuildFile; fileRef = 2F5310501BB8406500D22D9C /* BRRecordViewController.xib */; settings = {ASSET_TAGS = (); }; };
		2F5310581BB8B1B200D22D9C /* UIView+IBInspectable.swift in Sources */ = {isa = PBXBuildFile; fileRef = 2F5310571BB8B1B200D22D9C /* UIView+IBInspectable.swift */; settings = {ASSET_TAGS = (); }; };
		2F8731381BB811AC002E4C59 /* AppDelegate.swift in Sources */ = {isa = PBXBuildFile; fileRef = 2F8731371BB811AC002E4C59 /* AppDelegate.swift */; };
		2F87313D1BB811AC002E4C59 /* Main.storyboard in Resources */ = {isa = PBXBuildFile; fileRef = 2F87313B1BB811AC002E4C59 /* Main.storyboard */; };
		2F8731401BB811AC002E4C59 /* baken_record.xcdatamodeld in Sources */ = {isa = PBXBuildFile; fileRef = 2F87313E1BB811AC002E4C59 /* baken_record.xcdatamodeld */; };
		2F8731421BB811AC002E4C59 /* Assets.xcassets in Resources */ = {isa = PBXBuildFile; fileRef = 2F8731411BB811AC002E4C59 /* Assets.xcassets */; };
		2F8731451BB811AC002E4C59 /* LaunchScreen.storyboard in Resources */ = {isa = PBXBuildFile; fileRef = 2F8731431BB811AC002E4C59 /* LaunchScreen.storyboard */; };
		2F8731501BB811AC002E4C59 /* baken_recordTests.swift in Sources */ = {isa = PBXBuildFile; fileRef = 2F87314F1BB811AC002E4C59 /* baken_recordTests.swift */; };
		2F87315B1BB811AC002E4C59 /* baken_recordUITests.swift in Sources */ = {isa = PBXBuildFile; fileRef = 2F87315A1BB811AC002E4C59 /* baken_recordUITests.swift */; };
		2F8731701BB81A0F002E4C59 /* BRContainerViewController.swift in Sources */ = {isa = PBXBuildFile; fileRef = 2F87316E1BB81A0F002E4C59 /* BRContainerViewController.swift */; settings = {ASSET_TAGS = (); }; };
		2F8731711BB81A0F002E4C59 /* BRContainerViewController.xib in Resources */ = {isa = PBXBuildFile; fileRef = 2F87316F1BB81A0F002E4C59 /* BRContainerViewController.xib */; settings = {ASSET_TAGS = (); }; };
		2FE494B11BB99E7C00909DDA /* BRDateViewController.swift in Sources */ = {isa = PBXBuildFile; fileRef = 2FE494AF1BB99E7C00909DDA /* BRDateViewController.swift */; settings = {ASSET_TAGS = (); }; };
		2FE494B21BB99E7C00909DDA /* BRDateViewController.xib in Resources */ = {isa = PBXBuildFile; fileRef = 2FE494B01BB99E7C00909DDA /* BRDateViewController.xib */; settings = {ASSET_TAGS = (); }; };
		2FE494B51BBA0B1200909DDA /* BRDistanceViewController.swift in Sources */ = {isa = PBXBuildFile; fileRef = 2FE494B31BBA0B1200909DDA /* BRDistanceViewController.swift */; settings = {ASSET_TAGS = (); }; };
		2FE494B61BBA0B1200909DDA /* BRDistanceViewController.xib in Resources */ = {isa = PBXBuildFile; fileRef = 2FE494B41BBA0B1200909DDA /* BRDistanceViewController.xib */; settings = {ASSET_TAGS = (); }; };
/* End PBXBuildFile section */

/* Begin PBXContainerItemProxy section */
		2F87314C1BB811AC002E4C59 /* PBXContainerItemProxy */ = {
			isa = PBXContainerItemProxy;
			containerPortal = 2F87312C1BB811AC002E4C59 /* Project object */;
			proxyType = 1;
			remoteGlobalIDString = 2F8731331BB811AC002E4C59;
			remoteInfo = "baken-record";
		};
		2F8731571BB811AC002E4C59 /* PBXContainerItemProxy */ = {
			isa = PBXContainerItemProxy;
			containerPortal = 2F87312C1BB811AC002E4C59 /* Project object */;
			proxyType = 1;
			remoteGlobalIDString = 2F8731331BB811AC002E4C59;
			remoteInfo = "baken-record";
		};
/* End PBXContainerItemProxy section */

/* Begin PBXFileReference section */
		2F0EB49F1BB95D3200EAF4C5 /* BRMoneyCell.swift */ = {isa = PBXFileReference; fileEncoding = 4; lastKnownFileType = sourcecode.swift; path = BRMoneyCell.swift; sourceTree = "<group>"; };
		2F0EB4A01BB95D3200EAF4C5 /* BRMoneyCell.xib */ = {isa = PBXFileReference; fileEncoding = 4; lastKnownFileType = file.xib; path = BRMoneyCell.xib; sourceTree = "<group>"; };
		2F0EB4A31BB9631200EAF4C5 /* BRDataCell.swift */ = {isa = PBXFileReference; fileEncoding = 4; lastKnownFileType = sourcecode.swift; path = BRDataCell.swift; sourceTree = "<group>"; };
		2F0EB4A41BB9631200EAF4C5 /* BRDataCell.xib */ = {isa = PBXFileReference; fileEncoding = 4; lastKnownFileType = file.xib; path = BRDataCell.xib; sourceTree = "<group>"; };
		2F0EB4A71BB9642400EAF4C5 /* BRSegmentCell.swift */ = {isa = PBXFileReference; fileEncoding = 4; lastKnownFileType = sourcecode.swift; path = BRSegmentCell.swift; sourceTree = "<group>"; };
		2F0EB4A81BB9642400EAF4C5 /* BRSegmentCell.xib */ = {isa = PBXFileReference; fileEncoding = 4; lastKnownFileType = file.xib; path = BRSegmentCell.xib; sourceTree = "<group>"; };
		2F0EB4AB1BB964C400EAF4C5 /* BRTextareaCell.swift */ = {isa = PBXFileReference; fileEncoding = 4; lastKnownFileType = sourcecode.swift; path = BRTextareaCell.swift; sourceTree = "<group>"; };
		2F0EB4AC1BB964C400EAF4C5 /* BRTextareaCell.xib */ = {isa = PBXFileReference; fileEncoding = 4; lastKnownFileType = file.xib; path = BRTextareaCell.xib; sourceTree = "<group>"; };
		2F0EB4AF1BB9778B00EAF4C5 /* BRTextCell.swift */ = {isa = PBXFileReference; fileEncoding = 4; lastKnownFileType = sourcecode.swift; path = BRTextCell.swift; sourceTree = "<group>"; };
		2F0EB4B01BB9778B00EAF4C5 /* BRTextCell.xib */ = {isa = PBXFileReference; fileEncoding = 4; lastKnownFileType = file.xib; path = BRTextCell.xib; sourceTree = "<group>"; };
		2F0EB4B31BB97F4300EAF4C5 /* BRCustomTextView.swift */ = {isa = PBXFileReference; fileEncoding = 4; lastKnownFileType = sourcecode.swift; path = BRCustomTextView.swift; sourceTree = "<group>"; };
		2F0EB4B51BB981B600EAF4C5 /* BRCorseListViewController.swift */ = {isa = PBXFileReference; fileEncoding = 4; lastKnownFileType = sourcecode.swift; path = BRCorseListViewController.swift; sourceTree = "<group>"; };
		2F0EB4B61BB981B600EAF4C5 /* BRCorseListViewController.xib */ = {isa = PBXFileReference; fileEncoding = 4; lastKnownFileType = file.xib; path = BRCorseListViewController.xib; sourceTree = "<group>"; };
		2F53104F1BB8406500D22D9C /* BRRecordViewController.swift */ = {isa = PBXFileReference; fileEncoding = 4; lastKnownFileType = sourcecode.swift; path = BRRecordViewController.swift; sourceTree = "<group>"; };
		2F5310501BB8406500D22D9C /* BRRecordViewController.xib */ = {isa = PBXFileReference; fileEncoding = 4; lastKnownFileType = file.xib; path = BRRecordViewController.xib; sourceTree = "<group>"; };
		2F5310571BB8B1B200D22D9C /* UIView+IBInspectable.swift */ = {isa = PBXFileReference; fileEncoding = 4; lastKnownFileType = sourcecode.swift; path = "UIView+IBInspectable.swift"; sourceTree = "<group>"; };
		2F8731341BB811AC002E4C59 /* baken-record.app */ = {isa = PBXFileReference; explicitFileType = wrapper.application; includeInIndex = 0; path = "baken-record.app"; sourceTree = BUILT_PRODUCTS_DIR; };
		2F8731371BB811AC002E4C59 /* AppDelegate.swift */ = {isa = PBXFileReference; lastKnownFileType = sourcecode.swift; path = AppDelegate.swift; sourceTree = "<group>"; };
		2F87313C1BB811AC002E4C59 /* Base */ = {isa = PBXFileReference; lastKnownFileType = file.storyboard; name = Base; path = Base.lproj/Main.storyboard; sourceTree = "<group>"; };
		2F87313F1BB811AC002E4C59 /* baken_record.xcdatamodel */ = {isa = PBXFileReference; lastKnownFileType = wrapper.xcdatamodel; path = baken_record.xcdatamodel; sourceTree = "<group>"; };
		2F8731411BB811AC002E4C59 /* Assets.xcassets */ = {isa = PBXFileReference; lastKnownFileType = folder.assetcatalog; path = Assets.xcassets; sourceTree = "<group>"; };
		2F8731441BB811AC002E4C59 /* Base */ = {isa = PBXFileReference; lastKnownFileType = file.storyboard; name = Base; path = Base.lproj/LaunchScreen.storyboard; sourceTree = "<group>"; };
		2F8731461BB811AC002E4C59 /* Info.plist */ = {isa = PBXFileReference; lastKnownFileType = text.plist.xml; path = Info.plist; sourceTree = "<group>"; };
		2F87314B1BB811AC002E4C59 /* baken-recordTests.xctest */ = {isa = PBXFileReference; explicitFileType = wrapper.cfbundle; includeInIndex = 0; path = "baken-recordTests.xctest"; sourceTree = BUILT_PRODUCTS_DIR; };
		2F87314F1BB811AC002E4C59 /* baken_recordTests.swift */ = {isa = PBXFileReference; lastKnownFileType = sourcecode.swift; path = baken_recordTests.swift; sourceTree = "<group>"; };
		2F8731511BB811AC002E4C59 /* Info.plist */ = {isa = PBXFileReference; lastKnownFileType = text.plist.xml; path = Info.plist; sourceTree = "<group>"; };
		2F8731561BB811AC002E4C59 /* baken-recordUITests.xctest */ = {isa = PBXFileReference; explicitFileType = wrapper.cfbundle; includeInIndex = 0; path = "baken-recordUITests.xctest"; sourceTree = BUILT_PRODUCTS_DIR; };
		2F87315A1BB811AC002E4C59 /* baken_recordUITests.swift */ = {isa = PBXFileReference; lastKnownFileType = sourcecode.swift; path = baken_recordUITests.swift; sourceTree = "<group>"; };
		2F87315C1BB811AC002E4C59 /* Info.plist */ = {isa = PBXFileReference; lastKnownFileType = text.plist.xml; path = Info.plist; sourceTree = "<group>"; };
		2F87316E1BB81A0F002E4C59 /* BRContainerViewController.swift */ = {isa = PBXFileReference; fileEncoding = 4; lastKnownFileType = sourcecode.swift; name = BRContainerViewController.swift; path = Containers/BRContainerViewController.swift; sourceTree = "<group>"; };
		2F87316F1BB81A0F002E4C59 /* BRContainerViewController.xib */ = {isa = PBXFileReference; fileEncoding = 4; lastKnownFileType = file.xib; name = BRContainerViewController.xib; path = Containers/BRContainerViewController.xib; sourceTree = "<group>"; };
		2FE494AF1BB99E7C00909DDA /* BRDateViewController.swift */ = {isa = PBXFileReference; fileEncoding = 4; lastKnownFileType = sourcecode.swift; path = BRDateViewController.swift; sourceTree = "<group>"; };
		2FE494B01BB99E7C00909DDA /* BRDateViewController.xib */ = {isa = PBXFileReference; fileEncoding = 4; lastKnownFileType = file.xib; path = BRDateViewController.xib; sourceTree = "<group>"; };
		2FE494B31BBA0B1200909DDA /* BRDistanceViewController.swift */ = {isa = PBXFileReference; fileEncoding = 4; lastKnownFileType = sourcecode.swift; path = BRDistanceViewController.swift; sourceTree = "<group>"; };
		2FE494B41BBA0B1200909DDA /* BRDistanceViewController.xib */ = {isa = PBXFileReference; fileEncoding = 4; lastKnownFileType = file.xib; path = BRDistanceViewController.xib; sourceTree = "<group>"; };
/* End PBXFileReference section */

/* Begin PBXFrameworksBuildPhase section */
		2F8731311BB811AC002E4C59 /* Frameworks */ = {
			isa = PBXFrameworksBuildPhase;
			buildActionMask = 2147483647;
			files = (
			);
			runOnlyForDeploymentPostprocessing = 0;
		};
		2F8731481BB811AC002E4C59 /* Frameworks */ = {
			isa = PBXFrameworksBuildPhase;
			buildActionMask = 2147483647;
			files = (
			);
			runOnlyForDeploymentPostprocessing = 0;
		};
		2F8731531BB811AC002E4C59 /* Frameworks */ = {
			isa = PBXFrameworksBuildPhase;
			buildActionMask = 2147483647;
			files = (
			);
			runOnlyForDeploymentPostprocessing = 0;
		};
/* End PBXFrameworksBuildPhase section */

/* Begin PBXGroup section */
		2F0EB49D1BB95CC200EAF4C5 /* Views */ = {
			isa = PBXGroup;
			children = (
				2F0EB49E1BB95CD200EAF4C5 /* Cells */,
			);
			path = Views;
			sourceTree = "<group>";
		};
		2F0EB49E1BB95CD200EAF4C5 /* Cells */ = {
			isa = PBXGroup;
			children = (
				2F0EB49F1BB95D3200EAF4C5 /* BRMoneyCell.swift */,
				2F0EB4A01BB95D3200EAF4C5 /* BRMoneyCell.xib */,
				2F0EB4A31BB9631200EAF4C5 /* BRDataCell.swift */,
				2F0EB4A41BB9631200EAF4C5 /* BRDataCell.xib */,
				2F0EB4A71BB9642400EAF4C5 /* BRSegmentCell.swift */,
				2F0EB4A81BB9642400EAF4C5 /* BRSegmentCell.xib */,
				2F0EB4AB1BB964C400EAF4C5 /* BRTextareaCell.swift */,
				2F0EB4AC1BB964C400EAF4C5 /* BRTextareaCell.xib */,
				2F0EB4AF1BB9778B00EAF4C5 /* BRTextCell.swift */,
				2F0EB4B01BB9778B00EAF4C5 /* BRTextCell.xib */,
			);
			path = Cells;
			sourceTree = "<group>";
		};
		2F53104E1BB8403000D22D9C /* Record */ = {
			isa = PBXGroup;
			children = (
				2F53104F1BB8406500D22D9C /* BRRecordViewController.swift */,
				2F5310501BB8406500D22D9C /* BRRecordViewController.xib */,
				2F0EB4B51BB981B600EAF4C5 /* BRCorseListViewController.swift */,
				2F0EB4B61BB981B600EAF4C5 /* BRCorseListViewController.xib */,
				2FE494AF1BB99E7C00909DDA /* BRDateViewController.swift */,
				2FE494B01BB99E7C00909DDA /* BRDateViewController.xib */,
				2FE494B31BBA0B1200909DDA /* BRDistanceViewController.swift */,
				2FE494B41BBA0B1200909DDA /* BRDistanceViewController.xib */,
			);
			path = Record;
			sourceTree = "<group>";
		};
		2F5310561BB8B18000D22D9C /* Extension */ = {
			isa = PBXGroup;
			children = (
				2F5310571BB8B1B200D22D9C /* UIView+IBInspectable.swift */,
				2F0EB4B31BB97F4300EAF4C5 /* BRCustomTextView.swift */,
			);
			path = Extension;
			sourceTree = "<group>";
		};
		2F87312B1BB811AC002E4C59 = {
			isa = PBXGroup;
			children = (
				2F8731361BB811AC002E4C59 /* baken-record */,
				2F87314E1BB811AC002E4C59 /* baken-recordTests */,
				2F8731591BB811AC002E4C59 /* baken-recordUITests */,
				2F8731351BB811AC002E4C59 /* Products */,
			);
			sourceTree = "<group>";
		};
		2F8731351BB811AC002E4C59 /* Products */ = {
			isa = PBXGroup;
			children = (
				2F8731341BB811AC002E4C59 /* baken-record.app */,
				2F87314B1BB811AC002E4C59 /* baken-recordTests.xctest */,
				2F8731561BB811AC002E4C59 /* baken-recordUITests.xctest */,
			);
			name = Products;
			sourceTree = "<group>";
		};
		2F8731361BB811AC002E4C59 /* baken-record */ = {
			isa = PBXGroup;
			children = (
				2F8731681BB81743002E4C59 /* Classes */,
				2F87313B1BB811AC002E4C59 /* Main.storyboard */,
				2F8731411BB811AC002E4C59 /* Assets.xcassets */,
				2F8731431BB811AC002E4C59 /* LaunchScreen.storyboard */,
				2F8731461BB811AC002E4C59 /* Info.plist */,
				2F87313E1BB811AC002E4C59 /* baken_record.xcdatamodeld */,
			);
			path = "baken-record";
			sourceTree = "<group>";
		};
		2F87314E1BB811AC002E4C59 /* baken-recordTests */ = {
			isa = PBXGroup;
			children = (
				2F87314F1BB811AC002E4C59 /* baken_recordTests.swift */,
				2F8731511BB811AC002E4C59 /* Info.plist */,
			);
			path = "baken-recordTests";
			sourceTree = "<group>";
		};
		2F8731591BB811AC002E4C59 /* baken-recordUITests */ = {
			isa = PBXGroup;
			children = (
				2F87315A1BB811AC002E4C59 /* baken_recordUITests.swift */,
				2F87315C1BB811AC002E4C59 /* Info.plist */,
			);
			path = "baken-recordUITests";
			sourceTree = "<group>";
		};
		2F8731681BB81743002E4C59 /* Classes */ = {
			isa = PBXGroup;
			children = (
				2F0EB49D1BB95CC200EAF4C5 /* Views */,
				2F5310561BB8B18000D22D9C /* Extension */,
				2F87316A1BB81981002E4C59 /* ViewControllers */,
				2F8731371BB811AC002E4C59 /* AppDelegate.swift */,
			);
			path = Classes;
			sourceTree = "<group>";
		};
		2F87316A1BB81981002E4C59 /* ViewControllers */ = {
			isa = PBXGroup;
			children = (
				2F53104E1BB8403000D22D9C /* Record */,
				2F87316B1BB819A7002E4C59 /* Containers */,
			);
			path = ViewControllers;
			sourceTree = "<group>";
		};
		2F87316B1BB819A7002E4C59 /* Containers */ = {
			isa = PBXGroup;
			children = (
				2F87316E1BB81A0F002E4C59 /* BRContainerViewController.swift */,
				2F87316F1BB81A0F002E4C59 /* BRContainerViewController.xib */,
			);
			name = Containers;
			sourceTree = "<group>";
		};
/* End PBXGroup section */

/* Begin PBXNativeTarget section */
		2F8731331BB811AC002E4C59 /* baken-record */ = {
			isa = PBXNativeTarget;
			buildConfigurationList = 2F87315F1BB811AC002E4C59 /* Build configuration list for PBXNativeTarget "baken-record" */;
			buildPhases = (
				2F8731301BB811AC002E4C59 /* Sources */,
				2F8731311BB811AC002E4C59 /* Frameworks */,
				2F8731321BB811AC002E4C59 /* Resources */,
			);
			buildRules = (
			);
			dependencies = (
			);
			name = "baken-record";
			productName = "baken-record";
			productReference = 2F8731341BB811AC002E4C59 /* baken-record.app */;
			productType = "com.apple.product-type.application";
		};
		2F87314A1BB811AC002E4C59 /* baken-recordTests */ = {
			isa = PBXNativeTarget;
			buildConfigurationList = 2F8731621BB811AC002E4C59 /* Build configuration list for PBXNativeTarget "baken-recordTests" */;
			buildPhases = (
				2F8731471BB811AC002E4C59 /* Sources */,
				2F8731481BB811AC002E4C59 /* Frameworks */,
				2F8731491BB811AC002E4C59 /* Resources */,
			);
			buildRules = (
			);
			dependencies = (
				2F87314D1BB811AC002E4C59 /* PBXTargetDependency */,
			);
			name = "baken-recordTests";
			productName = "baken-recordTests";
			productReference = 2F87314B1BB811AC002E4C59 /* baken-recordTests.xctest */;
			productType = "com.apple.product-type.bundle.unit-test";
		};
		2F8731551BB811AC002E4C59 /* baken-recordUITests */ = {
			isa = PBXNativeTarget;
			buildConfigurationList = 2F8731651BB811AC002E4C59 /* Build configuration list for PBXNativeTarget "baken-recordUITests" */;
			buildPhases = (
				2F8731521BB811AC002E4C59 /* Sources */,
				2F8731531BB811AC002E4C59 /* Frameworks */,
				2F8731541BB811AC002E4C59 /* Resources */,
			);
			buildRules = (
			);
			dependencies = (
				2F8731581BB811AC002E4C59 /* PBXTargetDependency */,
			);
			name = "baken-recordUITests";
			productName = "baken-recordUITests";
			productReference = 2F8731561BB811AC002E4C59 /* baken-recordUITests.xctest */;
			productType = "com.apple.product-type.bundle.ui-testing";
		};
/* End PBXNativeTarget section */

/* Begin PBXProject section */
		2F87312C1BB811AC002E4C59 /* Project object */ = {
			isa = PBXProject;
			attributes = {
				LastUpgradeCheck = 0700;
				ORGANIZATIONNAME = "hiroki-itani";
				TargetAttributes = {
					2F8731331BB811AC002E4C59 = {
						CreatedOnToolsVersion = 7.0;
						DevelopmentTeam = 64JL4AJ8WT;
					};
					2F87314A1BB811AC002E4C59 = {
						CreatedOnToolsVersion = 7.0;
						TestTargetID = 2F8731331BB811AC002E4C59;
					};
					2F8731551BB811AC002E4C59 = {
						CreatedOnToolsVersion = 7.0;
						TestTargetID = 2F8731331BB811AC002E4C59;
					};
				};
			};
			buildConfigurationList = 2F87312F1BB811AC002E4C59 /* Build configuration list for PBXProject "baken-record" */;
			compatibilityVersion = "Xcode 3.2";
			developmentRegion = English;
			hasScannedForEncodings = 0;
			knownRegions = (
				en,
				Base,
			);
			mainGroup = 2F87312B1BB811AC002E4C59;
			productRefGroup = 2F8731351BB811AC002E4C59 /* Products */;
			projectDirPath = "";
			projectRoot = "";
			targets = (
				2F8731331BB811AC002E4C59 /* baken-record */,
				2F87314A1BB811AC002E4C59 /* baken-recordTests */,
				2F8731551BB811AC002E4C59 /* baken-recordUITests */,
			);
		};
/* End PBXProject section */

/* Begin PBXResourcesBuildPhase section */
		2F8731321BB811AC002E4C59 /* Resources */ = {
			isa = PBXResourcesBuildPhase;
			buildActionMask = 2147483647;
			files = (
				2F8731711BB81A0F002E4C59 /* BRContainerViewController.xib in Resources */,
				2F0EB4AA1BB9642400EAF4C5 /* BRSegmentCell.xib in Resources */,
				2F8731451BB811AC002E4C59 /* LaunchScreen.storyboard in Resources */,
				2F8731421BB811AC002E4C59 /* Assets.xcassets in Resources */,
				2F0EB4B81BB981B600EAF4C5 /* BRCorseListViewController.xib in Resources */,
				2F0EB4B21BB9778B00EAF4C5 /* BRTextCell.xib in Resources */,
				2F0EB4AE1BB964C400EAF4C5 /* BRTextareaCell.xib in Resources */,
				2F5310521BB8406500D22D9C /* BRRecordViewController.xib in Resources */,
				2F0EB4A21BB95D3200EAF4C5 /* BRMoneyCell.xib in Resources */,
				2F87313D1BB811AC002E4C59 /* Main.storyboard in Resources */,
				2FE494B21BB99E7C00909DDA /* BRDateViewController.xib in Resources */,
				2FE494B61BBA0B1200909DDA /* BRDistanceViewController.xib in Resources */,
				2F0EB4A61BB9631200EAF4C5 /* BRDataCell.xib in Resources */,
			);
			runOnlyForDeploymentPostprocessing = 0;
		};
		2F8731491BB811AC002E4C59 /* Resources */ = {
			isa = PBXResourcesBuildPhase;
			buildActionMask = 2147483647;
			files = (
			);
			runOnlyForDeploymentPostprocessing = 0;
		};
		2F8731541BB811AC002E4C59 /* Resources */ = {
			isa = PBXResourcesBuildPhase;
			buildActionMask = 2147483647;
			files = (
			);
			runOnlyForDeploymentPostprocessing = 0;
		};
/* End PBXResourcesBuildPhase section */

/* Begin PBXSourcesBuildPhase section */
		2F8731301BB811AC002E4C59 /* Sources */ = {
			isa = PBXSourcesBuildPhase;
			buildActionMask = 2147483647;
			files = (
				2F0EB4A51BB9631200EAF4C5 /* BRDataCell.swift in Sources */,
				2F0EB4B71BB981B600EAF4C5 /* BRCorseListViewController.swift in Sources */,
				2F0EB4A11BB95D3200EAF4C5 /* BRMoneyCell.swift in Sources */,
				2F8731701BB81A0F002E4C59 /* BRContainerViewController.swift in Sources */,
				2F5310511BB8406500D22D9C /* BRRecordViewController.swift in Sources */,
				2F0EB4B11BB9778B00EAF4C5 /* BRTextCell.swift in Sources */,
				2F5310581BB8B1B200D22D9C /* UIView+IBInspectable.swift in Sources */,
				2F0EB4A91BB9642400EAF4C5 /* BRSegmentCell.swift in Sources */,
				2F8731401BB811AC002E4C59 /* baken_record.xcdatamodeld in Sources */,
				2FE494B51BBA0B1200909DDA /* BRDistanceViewController.swift in Sources */,
				2F0EB4AD1BB964C400EAF4C5 /* BRTextareaCell.swift in Sources */,
				2F8731381BB811AC002E4C59 /* AppDelegate.swift in Sources */,
				2FE494B11BB99E7C00909DDA /* BRDateViewController.swift in Sources */,
				2F0EB4B41BB97F4300EAF4C5 /* BRCustomTextView.swift in Sources */,
			);
			runOnlyForDeploymentPostprocessing = 0;
		};
		2F8731471BB811AC002E4C59 /* Sources */ = {
			isa = PBXSourcesBuildPhase;
			buildActionMask = 2147483647;
			files = (
				2F8731501BB811AC002E4C59 /* baken_recordTests.swift in Sources */,
			);
			runOnlyForDeploymentPostprocessing = 0;
		};
		2F8731521BB811AC002E4C59 /* Sources */ = {
			isa = PBXSourcesBuildPhase;
			buildActionMask = 2147483647;
			files = (
				2F87315B1BB811AC002E4C59 /* baken_recordUITests.swift in Sources */,
			);
			runOnlyForDeploymentPostprocessing = 0;
		};
/* End PBXSourcesBuildPhase section */

/* Begin PBXTargetDependency section */
		2F87314D1BB811AC002E4C59 /* PBXTargetDependency */ = {
			isa = PBXTargetDependency;
			target = 2F8731331BB811AC002E4C59 /* baken-record */;
			targetProxy = 2F87314C1BB811AC002E4C59 /* PBXContainerItemProxy */;
		};
		2F8731581BB811AC002E4C59 /* PBXTargetDependency */ = {
			isa = PBXTargetDependency;
			target = 2F8731331BB811AC002E4C59 /* baken-record */;
			targetProxy = 2F8731571BB811AC002E4C59 /* PBXContainerItemProxy */;
		};
/* End PBXTargetDependency section */

/* Begin PBXVariantGroup section */
		2F87313B1BB811AC002E4C59 /* Main.storyboard */ = {
			isa = PBXVariantGroup;
			children = (
				2F87313C1BB811AC002E4C59 /* Base */,
			);
			name = Main.storyboard;
			sourceTree = "<group>";
		};
		2F8731431BB811AC002E4C59 /* LaunchScreen.storyboard */ = {
			isa = PBXVariantGroup;
			children = (
				2F8731441BB811AC002E4C59 /* Base */,
			);
			name = LaunchScreen.storyboard;
			sourceTree = "<group>";
		};
/* End PBXVariantGroup section */

/* Begin XCBuildConfiguration section */
		2F87315D1BB811AC002E4C59 /* Debug */ = {
			isa = XCBuildConfiguration;
			buildSettings = {
				ALWAYS_SEARCH_USER_PATHS = NO;
				CLANG_CXX_LANGUAGE_STANDARD = "gnu++0x";
				CLANG_CXX_LIBRARY = "libc++";
				CLANG_ENABLE_MODULES = YES;
				CLANG_ENABLE_OBJC_ARC = YES;
				CLANG_WARN_BOOL_CONVERSION = YES;
				CLANG_WARN_CONSTANT_CONVERSION = YES;
				CLANG_WARN_DIRECT_OBJC_ISA_USAGE = YES_ERROR;
				CLANG_WARN_EMPTY_BODY = YES;
				CLANG_WARN_ENUM_CONVERSION = YES;
				CLANG_WARN_INT_CONVERSION = YES;
				CLANG_WARN_OBJC_ROOT_CLASS = YES_ERROR;
				CLANG_WARN_UNREACHABLE_CODE = YES;
				CLANG_WARN__DUPLICATE_METHOD_MATCH = YES;
				"CODE_SIGN_IDENTITY[sdk=iphoneos*]" = "iPhone Developer";
				COPY_PHASE_STRIP = NO;
				DEBUG_INFORMATION_FORMAT = dwarf;
				ENABLE_STRICT_OBJC_MSGSEND = YES;
				ENABLE_TESTABILITY = YES;
				GCC_C_LANGUAGE_STANDARD = gnu99;
				GCC_DYNAMIC_NO_PIC = NO;
				GCC_NO_COMMON_BLOCKS = YES;
				GCC_OPTIMIZATION_LEVEL = 0;
				GCC_PREPROCESSOR_DEFINITIONS = (
					"DEBUG=1",
					"$(inherited)",
				);
				GCC_WARN_64_TO_32_BIT_CONVERSION = YES;
				GCC_WARN_ABOUT_RETURN_TYPE = YES_ERROR;
				GCC_WARN_UNDECLARED_SELECTOR = YES;
				GCC_WARN_UNINITIALIZED_AUTOS = YES_AGGRESSIVE;
				GCC_WARN_UNUSED_FUNCTION = YES;
				GCC_WARN_UNUSED_VARIABLE = YES;
				IPHONEOS_DEPLOYMENT_TARGET = 9.0;
				MTL_ENABLE_DEBUG_INFO = YES;
				ONLY_ACTIVE_ARCH = YES;
				SDKROOT = iphoneos;
				SWIFT_OPTIMIZATION_LEVEL = "-Onone";
			};
			name = Debug;
		};
		2F87315E1BB811AC002E4C59 /* Release */ = {
			isa = XCBuildConfiguration;
			buildSettings = {
				ALWAYS_SEARCH_USER_PATHS = NO;
				CLANG_CXX_LANGUAGE_STANDARD = "gnu++0x";
				CLANG_CXX_LIBRARY = "libc++";
				CLANG_ENABLE_MODULES = YES;
				CLANG_ENABLE_OBJC_ARC = YES;
				CLANG_WARN_BOOL_CONVERSION = YES;
				CLANG_WARN_CONSTANT_CONVERSION = YES;
				CLANG_WARN_DIRECT_OBJC_ISA_USAGE = YES_ERROR;
				CLANG_WARN_EMPTY_BODY = YES;
				CLANG_WARN_ENUM_CONVERSION = YES;
				CLANG_WARN_INT_CONVERSION = YES;
				CLANG_WARN_OBJC_ROOT_CLASS = YES_ERROR;
				CLANG_WARN_UNREACHABLE_CODE = YES;
				CLANG_WARN__DUPLICATE_METHOD_MATCH = YES;
				"CODE_SIGN_IDENTITY[sdk=iphoneos*]" = "iPhone Developer";
				COPY_PHASE_STRIP = NO;
				DEBUG_INFORMATION_FORMAT = "dwarf-with-dsym";
				ENABLE_NS_ASSERTIONS = NO;
				ENABLE_STRICT_OBJC_MSGSEND = YES;
				GCC_C_LANGUAGE_STANDARD = gnu99;
				GCC_NO_COMMON_BLOCKS = YES;
				GCC_WARN_64_TO_32_BIT_CONVERSION = YES;
				GCC_WARN_ABOUT_RETURN_TYPE = YES_ERROR;
				GCC_WARN_UNDECLARED_SELECTOR = YES;
				GCC_WARN_UNINITIALIZED_AUTOS = YES_AGGRESSIVE;
				GCC_WARN_UNUSED_FUNCTION = YES;
				GCC_WARN_UNUSED_VARIABLE = YES;
				IPHONEOS_DEPLOYMENT_TARGET = 9.0;
				MTL_ENABLE_DEBUG_INFO = NO;
				SDKROOT = iphoneos;
				VALIDATE_PRODUCT = YES;
			};
			name = Release;
		};
		2F8731601BB811AC002E4C59 /* Debug */ = {
			isa = XCBuildConfiguration;
			buildSettings = {
				ASSETCATALOG_COMPILER_APPICON_NAME = AppIcon;
				CODE_SIGN_IDENTITY = "iPhone Developer";
				INFOPLIST_FILE = "baken-record/Info.plist";
				LD_RUNPATH_SEARCH_PATHS = "$(inherited) @executable_path/Frameworks";
				PRODUCT_BUNDLE_IDENTIFIER = "com.tanihiro.baken-record";
				PRODUCT_NAME = "$(TARGET_NAME)";
			};
			name = Debug;
		};
		2F8731611BB811AC002E4C59 /* Release */ = {
			isa = XCBuildConfiguration;
			buildSettings = {
				ASSETCATALOG_COMPILER_APPICON_NAME = AppIcon;
				CODE_SIGN_IDENTITY = "iPhone Developer";
				INFOPLIST_FILE = "baken-record/Info.plist";
				LD_RUNPATH_SEARCH_PATHS = "$(inherited) @executable_path/Frameworks";
				PRODUCT_BUNDLE_IDENTIFIER = "com.tanihiro.baken-record";
				PRODUCT_NAME = "$(TARGET_NAME)";
			};
			name = Release;
		};
		2F8731631BB811AC002E4C59 /* Debug */ = {
			isa = XCBuildConfiguration;
			buildSettings = {
				BUNDLE_LOADER = "$(TEST_HOST)";
				INFOPLIST_FILE = "baken-recordTests/Info.plist";
				LD_RUNPATH_SEARCH_PATHS = "$(inherited) @executable_path/Frameworks @loader_path/Frameworks";
				PRODUCT_BUNDLE_IDENTIFIER = "com.tanihiro.baken-recordTests";
				PRODUCT_NAME = "$(TARGET_NAME)";
				TEST_HOST = "$(BUILT_PRODUCTS_DIR)/baken-record.app/baken-record";
			};
			name = Debug;
		};
		2F8731641BB811AC002E4C59 /* Release */ = {
			isa = XCBuildConfiguration;
			buildSettings = {
				BUNDLE_LOADER = "$(TEST_HOST)";
				INFOPLIST_FILE = "baken-recordTests/Info.plist";
				LD_RUNPATH_SEARCH_PATHS = "$(inherited) @executable_path/Frameworks @loader_path/Frameworks";
				PRODUCT_BUNDLE_IDENTIFIER = "com.tanihiro.baken-recordTests";
				PRODUCT_NAME = "$(TARGET_NAME)";
				TEST_HOST = "$(BUILT_PRODUCTS_DIR)/baken-record.app/baken-record";
			};
			name = Release;
		};
		2F8731661BB811AC002E4C59 /* Debug */ = {
			isa = XCBuildConfiguration;
			buildSettings = {
				INFOPLIST_FILE = "baken-recordUITests/Info.plist";
				LD_RUNPATH_SEARCH_PATHS = "$(inherited) @executable_path/Frameworks @loader_path/Frameworks";
				PRODUCT_BUNDLE_IDENTIFIER = "com.tanihiro.baken-recordUITests";
				PRODUCT_NAME = "$(TARGET_NAME)";
				TEST_TARGET_NAME = "baken-record";
				USES_XCTRUNNER = YES;
			};
			name = Debug;
		};
		2F8731671BB811AC002E4C59 /* Release */ = {
			isa = XCBuildConfiguration;
			buildSettings = {
				INFOPLIST_FILE = "baken-recordUITests/Info.plist";
				LD_RUNPATH_SEARCH_PATHS = "$(inherited) @executable_path/Frameworks @loader_path/Frameworks";
				PRODUCT_BUNDLE_IDENTIFIER = "com.tanihiro.baken-recordUITests";
				PRODUCT_NAME = "$(TARGET_NAME)";
				TEST_TARGET_NAME = "baken-record";
				USES_XCTRUNNER = YES;
			};
			name = Release;
		};
/* End XCBuildConfiguration section */

/* Begin XCConfigurationList section */
		2F87312F1BB811AC002E4C59 /* Build configuration list for PBXProject "baken-record" */ = {
			isa = XCConfigurationList;
			buildConfigurations = (
				2F87315D1BB811AC002E4C59 /* Debug */,
				2F87315E1BB811AC002E4C59 /* Release */,
			);
			defaultConfigurationIsVisible = 0;
			defaultConfigurationName = Release;
		};
		2F87315F1BB811AC002E4C59 /* Build configuration list for PBXNativeTarget "baken-record" */ = {
			isa = XCConfigurationList;
			buildConfigurations = (
				2F8731601BB811AC002E4C59 /* Debug */,
				2F8731611BB811AC002E4C59 /* Release */,
			);
			defaultConfigurationIsVisible = 0;
			defaultConfigurationName = Release;
		};
		2F8731621BB811AC002E4C59 /* Build configuration list for PBXNativeTarget "baken-recordTests" */ = {
			isa = XCConfigurationList;
			buildConfigurations = (
				2F8731631BB811AC002E4C59 /* Debug */,
				2F8731641BB811AC002E4C59 /* Release */,
			);
			defaultConfigurationIsVisible = 0;
			defaultConfigurationName = Release;
		};
		2F8731651BB811AC002E4C59 /* Build configuration list for PBXNativeTarget "baken-recordUITests" */ = {
			isa = XCConfigurationList;
			buildConfigurations = (
				2F8731661BB811AC002E4C59 /* Debug */,
				2F8731671BB811AC002E4C59 /* Release */,
			);
			defaultConfigurationIsVisible = 0;
			defaultConfigurationName = Release;
		};
/* End XCConfigurationList section */

/* Begin XCVersionGroup section */
		2F87313E1BB811AC002E4C59 /* baken_record.xcdatamodeld */ = {
			isa = XCVersionGroup;
			children = (
				2F87313F1BB811AC002E4C59 /* baken_record.xcdatamodel */,
			);
			currentVersion = 2F87313F1BB811AC002E4C59 /* baken_record.xcdatamodel */;
			path = baken_record.xcdatamodeld;
			sourceTree = "<group>";
			versionGroupType = wrapper.xcdatamodel;
		};
/* End XCVersionGroup section */
	};
	rootObject = 2F87312C1BB811AC002E4C59 /* Project object */;
}
